%{"apex": {:hex, :apex, "0.5.2", "bc4d44c3f824d70cd295fc2fd395243df34a1c1659f5ef17381f5fbee1c7f00e", [:mix], [], "hexpm"},
  "connection": {:hex, :connection, "1.0.4", "a1cae72211f0eef17705aaededacac3eb30e6625b04a6117c1b2db6ace7d5976", [:mix], [], "hexpm"},
  "consolex": {:hex, :consolex, "0.1.0", "7ba7a4d2d40209598edbcdd57e282a304d694f0a4cc22c42a3a821a24cac43f2", [:mix], [{:cowboy, "~> 1.0", [hex: :cowboy, repo: "hexpm", optional: false]}, {:exjsx, "~> 3.2", [hex: :exjsx, repo: "hexpm", optional: false]}], "hexpm"},
  "cowboy": {:hex, :cowboy, "1.1.2", "61ac29ea970389a88eca5a65601460162d370a70018afe6f949a29dca91f3bb0", [:rebar3], [{:cowlib, "~> 1.0.2", [hex: :cowlib, repo: "hexpm", optional: false]}, {:ranch, "~> 1.3.2", [hex: :ranch, repo: "hexpm", optional: false]}], "hexpm"},
  "cowlib": {:hex, :cowlib, "1.0.2", "9d769a1d062c9c3ac753096f868ca121e2730b9a377de23dec0f7e08b1df84ee", [:make], [], "hexpm"},
  "erlport": {:hex, :erlport, "0.10.0", "2436ec2f4ed62538c6e9c52f523f9315b6002ee7e298d9bd10b35abc3f6b32e7", [:rebar3], [], "hexpm"},
  "exjsx": {:hex, :exjsx, "3.2.1", "1bc5bf1e4fd249104178f0885030bcd75a4526f4d2a1e976f4b428d347614f0f", [:mix], [{:jsx, "~> 2.8.0", [hex: :jsx, repo: "hexpm", optional: false]}], "hexpm"},
  "jsx": {:hex, :jsx, "2.8.2", "7acc7d785b5abe8a6e9adbde926a24e481f29956dd8b4df49e3e4e7bcc92a018", [:mix, :rebar3], [], "hexpm"},
  "ranch": {:hex, :ranch, "1.3.2", "e4965a144dc9fbe70e5c077c65e73c57165416a901bd02ea899cfd95aa890986", [:rebar3], [], "hexpm"},
  "redix": {:hex, :redix, "0.6.1", "20986b0e02f02b13e6f53c79a1ae70aa83147488c408f40275ec261f5bb0a6d0", [:mix], [{:connection, "~> 1.0", [hex: :connection, repo: "hexpm", optional: false]}], "hexpm"},
  "sidejob": {:hex, :sidejob, "2.0.0", "a76bbf3cfb3bdcbaab354a2099e805f7fff6e35305c74fecbf4d48c1f7642ab3", [:rebar], [], "hexpm"},
  "sidetask": {:hex, :sidetask, "1.1.2", "4b32176c5181f65881d998f710fc6bd6b09a2ba2db2c74a05380fa8d3fbf9cf0", [:mix], [{:sidejob, "~> 2.0", [hex: :sidejob, repo: "hexpm", optional: false]}], "hexpm"}}
